{
  "name": "frontend",
  "version": "1.0.0",
  "lockfileVersion": 1,
  "requires": true,
  "dependencies": {
    "ajv": {
      "version": "6.12.2",
      "resolved": "https://s5stratos.jfrog.io/s5stratos/api/npm/npm/ajv/-/ajv-6.12.2.tgz",
      "integrity": "sha1-xinF7O0XuvMUQ3kY0tqIyZ1ZWM0=",
      "requires": {
        "fast-deep-equal": "^3.1.1",
        "fast-json-stable-stringify": "^2.0.0",
        "json-schema-traverse": "^0.4.1",
        "uri-js": "^4.2.2"
      }
    },
    "ansi-escapes": {
      "version": "3.2.0",
      "resolved": "https://s5stratos.jfrog.io/s5stratos/api/npm/npm/ansi-escapes/-/ansi-escapes-3.2.0.tgz",
      "integrity": "sha1-h4C5j/nb9WOBUtHx/lwde0RCl2s="
    },
    "ansi-regex": {
      "version": "4.1.0",
      "resolved": "https://s5stratos.jfrog.io/s5stratos/api/npm/npm/ansi-regex/-/ansi-regex-4.1.0.tgz",
      "integrity": "sha1-i5+PCM8ay4Q3Vqg5yox+MWjFGZc="
    },
    "ansi-styles": {
      "version": "3.2.1",
      "resolved": "https://s5stratos.jfrog.io/s5stratos/api/npm/npm/ansi-styles/-/ansi-styles-3.2.1.tgz",
      "integrity": "sha1-QfuyAkPlCxK+DwS43tvwdSDOhB0=",
      "requires": {
        "color-convert": "^1.9.0"
      }
    },
    "aproba": {
      "version": "1.2.0",
      "resolved": "https://s5stratos.jfrog.io/s5stratos/api/npm/npm/aproba/-/aproba-1.2.0.tgz",
      "integrity": "sha1-aALmJk79GMeQobDVF/DyYnvyyUo="
    },
    "arch": {
      "version": "2.1.2",
      "resolved": "https://s5stratos.jfrog.io/s5stratos/api/npm/npm/arch/-/arch-2.1.2.tgz",
      "integrity": "sha1-DFK75zRLtPomDEQ9LLrZwA/y8L8="
    },
    "asn1": {
      "version": "0.2.4",
      "resolved": "https://s5stratos.jfrog.io/s5stratos/api/npm/npm/asn1/-/asn1-0.2.4.tgz",
      "integrity": "sha1-jSR136tVO7M+d7VOWeiAu4ziMTY=",
      "requires": {
        "safer-buffer": "~2.1.0"
      }
    },
    "assert-plus": {
      "version": "1.0.0",
      "resolved": "https://s5stratos.jfrog.io/s5stratos/api/npm/npm/assert-plus/-/assert-plus-1.0.0.tgz",
      "integrity": "sha1-8S4PPF13sLHN2RRpQuTpbB5N1SU="
    },
    "asynckit": {
      "version": "0.4.0",
      "resolved": "https://s5stratos.jfrog.io/s5stratos/api/npm/npm/asynckit/-/asynckit-0.4.0.tgz",
      "integrity": "sha1-x57Zf380y48robyXkLzDZkdLS3k="
    },
    "aws-sign2": {
      "version": "0.7.0",
      "resolved": "https://s5stratos.jfrog.io/s5stratos/api/npm/npm/aws-sign2/-/aws-sign2-0.7.0.tgz",
      "integrity": "sha1-tG6JCTSpWR8tL2+G1+ap8bP+dqg="
    },
    "aws4": {
      "version": "1.10.0",
      "resolved": "https://s5stratos.jfrog.io/s5stratos/api/npm/npm/aws4/-/aws4-1.10.0.tgz",
      "integrity": "sha1-oXs6jqgRBg501H0wYSJACtRJeuI="
    },
    "balanced-match": {
      "version": "1.0.0",
      "resolved": "https://s5stratos.jfrog.io/s5stratos/api/npm/npm/balanced-match/-/balanced-match-1.0.0.tgz",
      "integrity": "sha1-ibTRmasr7kneFk6gK4nORi1xt2c="
    },
    "bcrypt-pbkdf": {
      "version": "1.0.2",
      "resolved": "https://s5stratos.jfrog.io/s5stratos/api/npm/npm/bcrypt-pbkdf/-/bcrypt-pbkdf-1.0.2.tgz",
      "integrity": "sha1-pDAdOJtqQ/m2f/PKEaP2Y342Dp4=",
      "requires": {
        "tweetnacl": "^0.14.3"
      }
    },
    "bluebird": {
      "version": "3.7.2",
      "resolved": "https://s5stratos.jfrog.io/s5stratos/api/npm/npm/bluebird/-/bluebird-3.7.2.tgz",
      "integrity": "sha1-nyKcFb4nJFT/qXOs4NvueaGww28="
    },
    "brace-expansion": {
      "version": "1.1.11",
      "resolved": "https://s5stratos.jfrog.io/s5stratos/api/npm/npm/brace-expansion/-/brace-expansion-1.1.11.tgz",
      "integrity": "sha1-PH/L9SnYcibz0vUrlm/1Jx60Qd0=",
      "requires": {
        "balanced-match": "^1.0.0",
        "concat-map": "0.0.1"
      }
    },
    "buffer-from": {
      "version": "1.1.1",
      "resolved": "https://s5stratos.jfrog.io/s5stratos/api/npm/npm/buffer-from/-/buffer-from-1.1.1.tgz",
      "integrity": "sha1-MnE7wCj3XAL9txDXx7zsHyxgcO8="
    },
    "byline": {
      "version": "5.0.0",
      "resolved": "https://s5stratos.jfrog.io/s5stratos/api/npm/npm/byline/-/byline-5.0.0.tgz",
      "integrity": "sha1-dBxSFkaOrcRXsDQQEYrXfejB3bE="
    },
    "cacache": {
      "version": "11.3.3",
      "resolved": "https://s5stratos.jfrog.io/s5stratos/api/npm/npm/cacache/-/cacache-11.3.3.tgz",
      "integrity": "sha1-i9Kd+ManGKbr0tAQ2k15cq47utw=",
      "requires": {
        "bluebird": "^3.5.5",
        "chownr": "^1.1.1",
        "figgy-pudding": "^3.5.1",
        "glob": "^7.1.4",
        "graceful-fs": "^4.1.15",
        "lru-cache": "^5.1.1",
        "mississippi": "^3.0.0",
        "mkdirp": "^0.5.1",
        "move-concurrently": "^1.0.1",
        "promise-inflight": "^1.0.1",
        "rimraf": "^2.6.3",
        "ssri": "^6.0.1",
        "unique-filename": "^1.1.1",
        "y18n": "^4.0.0"
      }
    },
    "caseless": {
      "version": "0.12.0",
      "resolved": "https://s5stratos.jfrog.io/s5stratos/api/npm/npm/caseless/-/caseless-0.12.0.tgz",
      "integrity": "sha1-G2gcIf+EAzyCZUMJBolCDRhxUdw="
    },
    "chalk": {
      "version": "2.4.2",
      "resolved": "https://s5stratos.jfrog.io/s5stratos/api/npm/npm/chalk/-/chalk-2.4.2.tgz",
      "integrity": "sha1-zUJUFnelQzPPVBpJEIwUMrRMlCQ=",
      "requires": {
        "ansi-styles": "^3.2.1",
        "escape-string-regexp": "^1.0.5",
        "supports-color": "^5.3.0"
      }
    },
    "chownr": {
      "version": "1.1.4",
      "resolved": "https://s5stratos.jfrog.io/s5stratos/api/npm/npm/chownr/-/chownr-1.1.4.tgz",
      "integrity": "sha1-b8nXtC0ypYNZYzdmbn0ICE2izGs="
    },
    "cli-cursor": {
      "version": "2.1.0",
      "resolved": "https://s5stratos.jfrog.io/s5stratos/api/npm/npm/cli-cursor/-/cli-cursor-2.1.0.tgz",
      "integrity": "sha1-s12sN2R5+sw+lHR9QdDQ9SOP/LU=",
      "requires": {
        "restore-cursor": "^2.0.0"
      }
    },
    "color-convert": {
      "version": "1.9.3",
      "resolved": "https://s5stratos.jfrog.io/s5stratos/api/npm/npm/color-convert/-/color-convert-1.9.3.tgz",
      "integrity": "sha1-u3GFBpDh8TZWfeYp0tVHHe2kweg=",
      "requires": {
        "color-name": "1.1.3"
      }
    },
    "color-name": {
      "version": "1.1.3",
      "resolved": "https://s5stratos.jfrog.io/s5stratos/api/npm/npm/color-name/-/color-name-1.1.3.tgz",
      "integrity": "sha1-p9BVi9icQveV3UIyj3QIMcpTvCU="
    },
    "combined-stream": {
      "version": "1.0.8",
      "resolved": "https://s5stratos.jfrog.io/s5stratos/api/npm/npm/combined-stream/-/combined-stream-1.0.8.tgz",
      "integrity": "sha1-w9RaizT9cwYxoRCoolIGgrMdWn8=",
      "requires": {
        "delayed-stream": "~1.0.0"
      }
    },
    "concat-map": {
      "version": "0.0.1",
      "resolved": "https://s5stratos.jfrog.io/s5stratos/api/npm/npm/concat-map/-/concat-map-0.0.1.tgz",
      "integrity": "sha1-2Klr13/Wjfd5OnMDajug1UBdR3s="
    },
    "concat-stream": {
      "version": "1.6.2",
      "resolved": "https://s5stratos.jfrog.io/s5stratos/api/npm/npm/concat-stream/-/concat-stream-1.6.2.tgz",
      "integrity": "sha1-kEvfGUzTEi/Gdcd/xKw9T/D9GjQ=",
      "requires": {
        "buffer-from": "^1.0.0",
        "inherits": "^2.0.3",
        "readable-stream": "^2.2.2",
        "typedarray": "^0.0.6"
      }
    },
    "copy-concurrently": {
      "version": "1.0.5",
      "resolved": "https://s5stratos.jfrog.io/s5stratos/api/npm/npm/copy-concurrently/-/copy-concurrently-1.0.5.tgz",
      "integrity": "sha1-kilzmMrjSTf8r9bsgTnBgFHwteA=",
      "requires": {
        "aproba": "^1.1.1",
        "fs-write-stream-atomic": "^1.0.8",
        "iferr": "^0.1.5",
        "mkdirp": "^0.5.1",
        "rimraf": "^2.5.4",
        "run-queue": "^1.0.0"
      }
    },
    "core-util-is": {
      "version": "1.0.2",
      "resolved": "https://s5stratos.jfrog.io/s5stratos/api/npm/npm/core-util-is/-/core-util-is-1.0.2.tgz",
      "integrity": "sha1-tf1UIgqivFq1eqtxQMlAdUUDwac="
    },
    "cross-spawn": {
      "version": "7.0.3",
      "resolved": "https://s5stratos.jfrog.io/s5stratos/api/npm/npm/cross-spawn/-/cross-spawn-7.0.3.tgz",
      "integrity": "sha1-9zqFudXUHQRVUcF34ogtSshXKKY=",
      "requires": {
        "path-key": "^3.1.0",
        "shebang-command": "^2.0.0",
        "which": "^2.0.1"
      },
      "dependencies": {
        "which": {
          "version": "2.0.2",
          "resolved": "https://s5stratos.jfrog.io/s5stratos/api/npm/npm/which/-/which-2.0.2.tgz",
          "integrity": "sha1-fGqN0KY2oDJ+ELWckobu6T8/UbE=",
          "requires": {
            "isexe": "^2.0.0"
          }
        }
      }
    },
    "cyclist": {
      "version": "1.0.1",
      "resolved": "https://s5stratos.jfrog.io/s5stratos/api/npm/npm/cyclist/-/cyclist-1.0.1.tgz",
      "integrity": "sha1-WW6WmP0MgOEgOMK4LW6xs1tiJNk="
    },
    "dashdash": {
      "version": "1.14.1",
      "resolved": "https://s5stratos.jfrog.io/s5stratos/api/npm/npm/dashdash/-/dashdash-1.14.1.tgz",
      "integrity": "sha1-hTz6D3y+L+1d4gMmuN1YEDX24vA=",
      "requires": {
        "assert-plus": "^1.0.0"
      }
    },
    "delayed-stream": {
      "version": "1.0.0",
      "resolved": "https://s5stratos.jfrog.io/s5stratos/api/npm/npm/delayed-stream/-/delayed-stream-1.0.0.tgz",
      "integrity": "sha1-3zrhmayt+31ECqrgsp4icrJOxhk="
    },
    "duplexify": {
      "version": "3.7.1",
      "resolved": "https://s5stratos.jfrog.io/s5stratos/api/npm/npm/duplexify/-/duplexify-3.7.1.tgz",
      "integrity": "sha1-Kk31MX9sz9kfhtb9JdjYoQO4gwk=",
      "requires": {
        "end-of-stream": "^1.0.0",
        "inherits": "^2.0.1",
        "readable-stream": "^2.0.0",
        "stream-shift": "^1.0.0"
      }
    },
    "ecc-jsbn": {
      "version": "0.1.2",
      "resolved": "https://s5stratos.jfrog.io/s5stratos/api/npm/npm/ecc-jsbn/-/ecc-jsbn-0.1.2.tgz",
      "integrity": "sha1-OoOpBOVDUyh4dMVkt1SThoSamMk=",
      "requires": {
        "jsbn": "~0.1.0",
        "safer-buffer": "^2.1.0"
      }
    },
    "emoji-regex": {
      "version": "7.0.3",
      "resolved": "https://s5stratos.jfrog.io/s5stratos/api/npm/npm/emoji-regex/-/emoji-regex-7.0.3.tgz",
      "integrity": "sha1-kzoEBShgyF6DwSJHnEdIqOTHIVY="
    },
    "end-of-stream": {
      "version": "1.4.4",
      "resolved": "https://s5stratos.jfrog.io/s5stratos/api/npm/npm/end-of-stream/-/end-of-stream-1.4.4.tgz",
      "integrity": "sha1-WuZKX0UFe682JuwU2gyl5LJDHrA=",
      "requires": {
        "once": "^1.4.0"
      }
    },
    "env-paths": {
      "version": "2.2.0",
      "resolved": "https://s5stratos.jfrog.io/s5stratos/api/npm/npm/env-paths/-/env-paths-2.2.0.tgz",
      "integrity": "sha1-zcpVfcAJFSkX1hZuL+vh8DloXkM="
    },
    "escape-string-regexp": {
      "version": "1.0.5",
      "resolved": "https://s5stratos.jfrog.io/s5stratos/api/npm/npm/escape-string-regexp/-/escape-string-regexp-1.0.5.tgz",
      "integrity": "sha1-G2HAViGQqN/2rjuyzwIAyhMLhtQ="
    },
    "execa": {
      "version": "2.1.0",
      "resolved": "https://s5stratos.jfrog.io/s5stratos/api/npm/npm/execa/-/execa-2.1.0.tgz",
      "integrity": "sha1-5dPs2DfSpg7FDz2nj9OXZ3R7vpk=",
      "requires": {
        "cross-spawn": "^7.0.0",
        "get-stream": "^5.0.0",
        "is-stream": "^2.0.0",
        "merge-stream": "^2.0.0",
        "npm-run-path": "^3.0.0",
        "onetime": "^5.1.0",
        "p-finally": "^2.0.0",
        "signal-exit": "^3.0.2",
        "strip-final-newline": "^2.0.0"
      }
    },
    "extend": {
      "version": "3.0.2",
      "resolved": "https://s5stratos.jfrog.io/s5stratos/api/npm/npm/extend/-/extend-3.0.2.tgz",
      "integrity": "sha1-+LETa0Bx+9jrFAr/hYsQGewpFfo="
    },
    "extsprintf": {
      "version": "1.3.0",
      "resolved": "https://s5stratos.jfrog.io/s5stratos/api/npm/npm/extsprintf/-/extsprintf-1.3.0.tgz",
      "integrity": "sha1-lpGEQOMEGnpBT4xS48V06zw+HgU="
    },
    "fast-deep-equal": {
      "version": "3.1.1",
      "resolved": "https://s5stratos.jfrog.io/s5stratos/api/npm/npm/fast-deep-equal/-/fast-deep-equal-3.1.1.tgz",
      "integrity": "sha1-VFFFB3xQFJHjOxXsQIwpQ3bpSuQ="
    },
    "fast-json-stable-stringify": {
      "version": "2.1.0",
      "resolved": "https://s5stratos.jfrog.io/s5stratos/api/npm/npm/fast-json-stable-stringify/-/fast-json-stable-stringify-2.1.0.tgz",
      "integrity": "sha1-h0v2nG9ATCtdmcSBNBOZ/VWJJjM="
    },
    "figgy-pudding": {
      "version": "3.5.2",
      "resolved": "https://s5stratos.jfrog.io/s5stratos/api/npm/npm/figgy-pudding/-/figgy-pudding-3.5.2.tgz",
      "integrity": "sha1-tO7oFIq7Adzx0aw0Nn1Z4S+mHW4="
    },
    "filesize": {
      "version": "4.2.1",
      "resolved": "https://s5stratos.jfrog.io/s5stratos/api/npm/npm/filesize/-/filesize-4.2.1.tgz",
      "integrity": "sha1-qxyyBp211BWRHBoT4UTA50O8ibw="
    },
    "flush-write-stream": {
      "version": "1.1.1",
      "resolved": "https://s5stratos.jfrog.io/s5stratos/api/npm/npm/flush-write-stream/-/flush-write-stream-1.1.1.tgz",
      "integrity": "sha1-jdfYc6G6vCB9lOrQwuDkQnbr8ug=",
      "requires": {
        "inherits": "^2.0.3",
        "readable-stream": "^2.3.6"
      }
    },
    "forever-agent": {
      "version": "0.6.1",
      "resolved": "https://s5stratos.jfrog.io/s5stratos/api/npm/npm/forever-agent/-/forever-agent-0.6.1.tgz",
      "integrity": "sha1-+8cfDEGt6zf5bFd60e1C2P2sypE="
    },
    "form-data": {
      "version": "2.3.3",
      "resolved": "https://s5stratos.jfrog.io/s5stratos/api/npm/npm/form-data/-/form-data-2.3.3.tgz",
      "integrity": "sha1-3M5SwF9kTymManq5Nr1yTO/786Y=",
      "requires": {
        "asynckit": "^0.4.0",
        "combined-stream": "^1.0.6",
        "mime-types": "^2.1.12"
      }
    },
    "from2": {
      "version": "2.3.0",
      "resolved": "https://s5stratos.jfrog.io/s5stratos/api/npm/npm/from2/-/from2-2.3.0.tgz",
      "integrity": "sha1-i/tVAr3kpNNs/e6gB/zKIdfjgq8=",
      "requires": {
        "inherits": "^2.0.1",
        "readable-stream": "^2.0.0"
      }
    },
    "fs-minipass": {
      "version": "1.2.7",
      "resolved": "https://s5stratos.jfrog.io/s5stratos/api/npm/npm/fs-minipass/-/fs-minipass-1.2.7.tgz",
      "integrity": "sha1-zP+FcIQef+QmVpPaiJNsVa7X98c=",
      "requires": {
        "minipass": "^2.6.0"
      }
    },
    "fs-write-stream-atomic": {
      "version": "1.0.10",
      "resolved": "https://s5stratos.jfrog.io/s5stratos/api/npm/npm/fs-write-stream-atomic/-/fs-write-stream-atomic-1.0.10.tgz",
      "integrity": "sha1-tH31NJPvkR33VzHnCp3tAYnbQMk=",
      "requires": {
        "graceful-fs": "^4.1.2",
        "iferr": "^0.1.5",
        "imurmurhash": "^0.1.4",
        "readable-stream": "1 || 2"
      }
    },
    "fs.realpath": {
      "version": "1.0.0",
      "resolved": "https://s5stratos.jfrog.io/s5stratos/api/npm/npm/fs.realpath/-/fs.realpath-1.0.0.tgz",
      "integrity": "sha1-FQStJSMVjKpA20onh8sBQRmU6k8="
    },
    "get-stream": {
      "version": "5.1.0",
      "resolved": "https://s5stratos.jfrog.io/s5stratos/api/npm/npm/get-stream/-/get-stream-5.1.0.tgz",
      "integrity": "sha1-ASA83JJZf5uQkGfD5lbMH008Tck=",
      "requires": {
        "pump": "^3.0.0"
      }
    },
    "getpass": {
      "version": "0.1.7",
      "resolved": "https://s5stratos.jfrog.io/s5stratos/api/npm/npm/getpass/-/getpass-0.1.7.tgz",
      "integrity": "sha1-Xv+OPmhNVprkyysSgmBOi6YhSfo=",
      "requires": {
        "assert-plus": "^1.0.0"
      }
    },
    "glob": {
      "version": "7.1.6",
      "resolved": "https://s5stratos.jfrog.io/s5stratos/api/npm/npm/glob/-/glob-7.1.6.tgz",
      "integrity": "sha1-FB8zuBp8JJLhJVlDB0gMRmeSeKY=",
      "requires": {
        "fs.realpath": "^1.0.0",
        "inflight": "^1.0.4",
        "inherits": "2",
        "minimatch": "^3.0.4",
        "once": "^1.3.0",
        "path-is-absolute": "^1.0.0"
      }
    },
    "graceful-fs": {
      "version": "4.2.4",
      "resolved": "https://s5stratos.jfrog.io/s5stratos/api/npm/npm/graceful-fs/-/graceful-fs-4.2.4.tgz",
      "integrity": "sha1-Ila94U02MpWMRl68ltxGfKB6Kfs="
    },
    "har-schema": {
      "version": "2.0.0",
      "resolved": "https://s5stratos.jfrog.io/s5stratos/api/npm/npm/har-schema/-/har-schema-2.0.0.tgz",
      "integrity": "sha1-qUwiJOvKwEeCoNkDVSHyRzW37JI="
    },
    "har-validator": {
      "version": "5.1.3",
      "resolved": "https://s5stratos.jfrog.io/s5stratos/api/npm/npm/har-validator/-/har-validator-5.1.3.tgz",
      "integrity": "sha1-HvievT5JllV2de7ZiTEQ3DUPoIA=",
      "requires": {
        "ajv": "^6.5.5",
        "har-schema": "^2.0.0"
      }
    },
    "has-flag": {
      "version": "3.0.0",
      "resolved": "https://s5stratos.jfrog.io/s5stratos/api/npm/npm/has-flag/-/has-flag-3.0.0.tgz",
      "integrity": "sha1-tdRU3CGZriJWmfNGfloH87lVuv0="
    },
    "http-signature": {
      "version": "1.2.0",
      "resolved": "https://s5stratos.jfrog.io/s5stratos/api/npm/npm/http-signature/-/http-signature-1.2.0.tgz",
      "integrity": "sha1-muzZJRFHcvPZW2WmCruPfBj7rOE=",
      "requires": {
        "assert-plus": "^1.0.0",
        "jsprim": "^1.2.2",
        "sshpk": "^1.7.0"
      }
    },
    "iferr": {
      "version": "0.1.5",
      "resolved": "https://s5stratos.jfrog.io/s5stratos/api/npm/npm/iferr/-/iferr-0.1.5.tgz",
      "integrity": "sha1-xg7taebY/bazEEofy8ocGS3FtQE="
    },
    "imurmurhash": {
      "version": "0.1.4",
      "resolved": "https://s5stratos.jfrog.io/s5stratos/api/npm/npm/imurmurhash/-/imurmurhash-0.1.4.tgz",
      "integrity": "sha1-khi5srkoojixPcT7a21XbyMUU+o="
    },
    "inflight": {
      "version": "1.0.6",
      "resolved": "https://s5stratos.jfrog.io/s5stratos/api/npm/npm/inflight/-/inflight-1.0.6.tgz",
      "integrity": "sha1-Sb1jMdfQLQwJvJEKEHW6gWW1bfk=",
      "requires": {
        "once": "^1.3.0",
        "wrappy": "1"
      }
    },
    "inherits": {
      "version": "2.0.4",
      "resolved": "https://s5stratos.jfrog.io/s5stratos/api/npm/npm/inherits/-/inherits-2.0.4.tgz",
      "integrity": "sha1-D6LGT5MpF8NDOg3tVTY6rjdBa3w="
    },
    "is-fullwidth-code-point": {
      "version": "2.0.0",
      "resolved": "https://s5stratos.jfrog.io/s5stratos/api/npm/npm/is-fullwidth-code-point/-/is-fullwidth-code-point-2.0.0.tgz",
      "integrity": "sha1-o7MKXE8ZkYMWeqq5O+764937ZU8="
    },
    "is-plain-obj": {
      "version": "2.1.0",
      "resolved": "https://s5stratos.jfrog.io/s5stratos/api/npm/npm/is-plain-obj/-/is-plain-obj-2.1.0.tgz",
      "integrity": "sha1-ReQuN/zPH0Dajl927iFRWEDAkoc="
    },
    "is-stream": {
      "version": "2.0.0",
      "resolved": "https://s5stratos.jfrog.io/s5stratos/api/npm/npm/is-stream/-/is-stream-2.0.0.tgz",
      "integrity": "sha1-venDJoDW+uBBKdasnZIc54FfeOM="
    },
    "is-typedarray": {
      "version": "1.0.0",
      "resolved": "https://s5stratos.jfrog.io/s5stratos/api/npm/npm/is-typedarray/-/is-typedarray-1.0.0.tgz",
      "integrity": "sha1-5HnICFjfDBsR3dppQPlgEfzaSpo="
    },
    "isarray": {
      "version": "1.0.0",
      "resolved": "https://s5stratos.jfrog.io/s5stratos/api/npm/npm/isarray/-/isarray-1.0.0.tgz",
      "integrity": "sha1-u5NdSFgsuhaMBoNJV6VKPgcSTxE="
    },
    "isexe": {
      "version": "2.0.0",
      "resolved": "https://s5stratos.jfrog.io/s5stratos/api/npm/npm/isexe/-/isexe-2.0.0.tgz",
      "integrity": "sha1-6PvzdNxVb/iUehDcsFctYz8s+hA="
    },
    "isstream": {
      "version": "0.1.2",
      "resolved": "https://s5stratos.jfrog.io/s5stratos/api/npm/npm/isstream/-/isstream-0.1.2.tgz",
      "integrity": "sha1-R+Y/evVa+m+S4VAOaQ64uFKcCZo="
    },
    "jsbn": {
      "version": "0.1.1",
      "resolved": "https://s5stratos.jfrog.io/s5stratos/api/npm/npm/jsbn/-/jsbn-0.1.1.tgz",
      "integrity": "sha1-peZUwuWi3rXyAdls77yoDA7y9RM="
    },
    "json-schema": {
      "version": "0.2.3",
      "resolved": "https://s5stratos.jfrog.io/s5stratos/api/npm/npm/json-schema/-/json-schema-0.2.3.tgz",
      "integrity": "sha1-tIDIkuWaLwWVTOcnvT8qTogvnhM="
    },
    "json-schema-traverse": {
      "version": "0.4.1",
      "resolved": "https://s5stratos.jfrog.io/s5stratos/api/npm/npm/json-schema-traverse/-/json-schema-traverse-0.4.1.tgz",
      "integrity": "sha1-afaofZUTq4u4/mO9sJecRI5oRmA="
    },
    "json-stringify-safe": {
      "version": "5.0.1",
      "resolved": "https://s5stratos.jfrog.io/s5stratos/api/npm/npm/json-stringify-safe/-/json-stringify-safe-5.0.1.tgz",
      "integrity": "sha1-Epai1Y/UXxmg9s4B1lcB4sc1tus="
    },
    "jsprim": {
      "version": "1.4.1",
      "resolved": "https://s5stratos.jfrog.io/s5stratos/api/npm/npm/jsprim/-/jsprim-1.4.1.tgz",
      "integrity": "sha1-MT5mvB5cwG5Di8G3SZwuXFastqI=",
      "requires": {
        "assert-plus": "1.0.0",
        "extsprintf": "1.3.0",
        "json-schema": "0.2.3",
        "verror": "1.10.0"
      }
    },
    "log-symbols": {
      "version": "3.0.0",
      "resolved": "https://s5stratos.jfrog.io/s5stratos/api/npm/npm/log-symbols/-/log-symbols-3.0.0.tgz",
      "integrity": "sha1-86CFFqXeqJMzan3uFNGKHP2rd8Q=",
      "requires": {
        "chalk": "^2.4.2"
      }
    },
    "log-update": {
      "version": "3.4.0",
      "resolved": "https://s5stratos.jfrog.io/s5stratos/api/npm/npm/log-update/-/log-update-3.4.0.tgz",
      "integrity": "sha1-O5px4ArFsRhcwZOjbWVFgcSPl7k=",
      "requires": {
        "ansi-escapes": "^3.2.0",
        "cli-cursor": "^2.1.0",
        "wrap-ansi": "^5.0.0"
      }
    },
    "lru-cache": {
      "version": "5.1.1",
      "resolved": "https://s5stratos.jfrog.io/s5stratos/api/npm/npm/lru-cache/-/lru-cache-5.1.1.tgz",
      "integrity": "sha1-HaJ+ZxAnGUdpXa9oSOhH8B2EuSA=",
      "requires": {
        "yallist": "^3.0.2"
      }
    },
    "merge-stream": {
      "version": "2.0.0",
      "resolved": "https://s5stratos.jfrog.io/s5stratos/api/npm/npm/merge-stream/-/merge-stream-2.0.0.tgz",
      "integrity": "sha1-UoI2KaFN0AyXcPtq1H3GMQ8sH2A="
    },
    "mime-db": {
      "version": "1.44.0",
      "resolved": "https://s5stratos.jfrog.io/s5stratos/api/npm/npm/mime-db/-/mime-db-1.44.0.tgz",
      "integrity": "sha1-+hHF6wrKEzS0Izy01S8QxaYnL5I="
    },
    "mime-types": {
      "version": "2.1.27",
      "resolved": "https://s5stratos.jfrog.io/s5stratos/api/npm/npm/mime-types/-/mime-types-2.1.27.tgz",
      "integrity": "sha1-R5SfmOJ56lMRn1ci4PNOUpvsAJ8=",
      "requires": {
        "mime-db": "1.44.0"
      }
    },
    "mimic-fn": {
      "version": "2.1.0",
      "resolved": "https://s5stratos.jfrog.io/s5stratos/api/npm/npm/mimic-fn/-/mimic-fn-2.1.0.tgz",
      "integrity": "sha1-ftLCzMyvhNP/y3pptXcR/CCDQBs="
    },
    "minimatch": {
      "version": "3.0.4",
      "resolved": "https://s5stratos.jfrog.io/s5stratos/api/npm/npm/minimatch/-/minimatch-3.0.4.tgz",
      "integrity": "sha1-UWbihkV/AzBgZL5Ul+jbsMPTIIM=",
      "requires": {
        "brace-expansion": "^1.1.7"
      }
    },
    "minimist": {
      "version": "1.2.5",
      "resolved": "https://s5stratos.jfrog.io/s5stratos/api/npm/npm/minimist/-/minimist-1.2.5.tgz",
      "integrity": "sha1-Z9ZgFLZqaoqqDAg8X9WN9OTpdgI="
    },
    "minipass": {
      "version": "2.9.0",
      "resolved": "https://s5stratos.jfrog.io/s5stratos/api/npm/npm/minipass/-/minipass-2.9.0.tgz",
      "integrity": "sha1-5xN2Ln0+Mv7YAxFc+T4EvKn8yaY=",
      "requires": {
        "safe-buffer": "^5.1.2",
        "yallist": "^3.0.0"
      }
    },
    "minizlib": {
      "version": "1.3.3",
      "resolved": "https://s5stratos.jfrog.io/s5stratos/api/npm/npm/minizlib/-/minizlib-1.3.3.tgz",
      "integrity": "sha1-IpDeloGKNMKVUcio0wEha9Zahh0=",
      "requires": {
        "minipass": "^2.9.0"
      }
    },
    "mississippi": {
      "version": "3.0.0",
      "resolved": "https://s5stratos.jfrog.io/s5stratos/api/npm/npm/mississippi/-/mississippi-3.0.0.tgz",
      "integrity": "sha1-6goykfl+C16HdrNj1fChLZTGcCI=",
      "requires": {
        "concat-stream": "^1.5.0",
        "duplexify": "^3.4.2",
        "end-of-stream": "^1.1.0",
        "flush-write-stream": "^1.0.0",
        "from2": "^2.1.0",
        "parallel-transform": "^1.1.0",
        "pump": "^3.0.0",
        "pumpify": "^1.3.3",
        "stream-each": "^1.1.0",
        "through2": "^2.0.0"
      }
    },
    "mkdirp": {
      "version": "0.5.5",
      "resolved": "https://s5stratos.jfrog.io/s5stratos/api/npm/npm/mkdirp/-/mkdirp-0.5.5.tgz",
      "integrity": "sha1-2Rzv1i0UNsoPQWIOJRKI1CAJne8=",
      "requires": {
        "minimist": "^1.2.5"
      }
    },
    "move-concurrently": {
      "version": "1.0.1",
      "resolved": "https://s5stratos.jfrog.io/s5stratos/api/npm/npm/move-concurrently/-/move-concurrently-1.0.1.tgz",
      "integrity": "sha1-viwAX9oy4LKa8fBdfEszIUxwH5I=",
      "requires": {
        "aproba": "^1.1.1",
        "copy-concurrently": "^1.0.0",
        "fs-write-stream-atomic": "^1.0.8",
        "mkdirp": "^0.5.1",
        "rimraf": "^2.5.4",
        "run-queue": "^1.0.3"
      }
    },
    "ms": {
      "version": "2.1.2",
      "resolved": "https://s5stratos.jfrog.io/s5stratos/api/npm/npm/ms/-/ms-2.1.2.tgz",
      "integrity": "sha1-0J0fNXtEP0kzgqjrPM0YOHKuYAk="
    },
    "npm-run-path": {
      "version": "3.1.0",
      "resolved": "https://s5stratos.jfrog.io/s5stratos/api/npm/npm/npm-run-path/-/npm-run-path-3.1.0.tgz",
      "integrity": "sha1-f5G+MX9qRm7+08nymArYpO6LD6U=",
      "requires": {
        "path-key": "^3.0.0"
      }
    },
    "oauth-sign": {
      "version": "0.9.0",
      "resolved": "https://s5stratos.jfrog.io/s5stratos/api/npm/npm/oauth-sign/-/oauth-sign-0.9.0.tgz",
      "integrity": "sha1-R6ewFrqmi1+g7PPe4IqFxnmsZFU="
    },
    "once": {
      "version": "1.4.0",
      "resolved": "https://s5stratos.jfrog.io/s5stratos/api/npm/npm/once/-/once-1.4.0.tgz",
      "integrity": "sha1-WDsap3WWHUsROsF9nFC6753Xa9E=",
      "requires": {
        "wrappy": "1"
      }
    },
    "onetime": {
      "version": "5.1.0",
      "resolved": "https://s5stratos.jfrog.io/s5stratos/api/npm/npm/onetime/-/onetime-5.1.0.tgz",
      "integrity": "sha1-//DzyRYX/mK7UBiWNumayKbfe+U=",
      "requires": {
        "mimic-fn": "^2.1.0"
      }
    },
    "p-finally": {
      "version": "2.0.1",
      "resolved": "https://s5stratos.jfrog.io/s5stratos/api/npm/npm/p-finally/-/p-finally-2.0.1.tgz",
      "integrity": "sha1-vW/KqcVZoJa2gIBvTWV7Pw8kBWE="
    },
    "parallel-transform": {
      "version": "1.2.0",
      "resolved": "https://s5stratos.jfrog.io/s5stratos/api/npm/npm/parallel-transform/-/parallel-transform-1.2.0.tgz",
      "integrity": "sha1-kEnKN9bLIYLDsdLHIL6U0UpYFPw=",
      "requires": {
        "cyclist": "^1.0.1",
        "inherits": "^2.0.3",
        "readable-stream": "^2.1.5"
      }
    },
    "path-is-absolute": {
      "version": "1.0.1",
      "resolved": "https://s5stratos.jfrog.io/s5stratos/api/npm/npm/path-is-absolute/-/path-is-absolute-1.0.1.tgz",
      "integrity": "sha1-F0uSaHNVNP+8es5r9TpanhtcX18="
    },
    "path-key": {
      "version": "3.1.1",
      "resolved": "https://s5stratos.jfrog.io/s5stratos/api/npm/npm/path-key/-/path-key-3.1.1.tgz",
      "integrity": "sha1-WB9q3mWMu6ZaDTOA3ndTKVBU83U="
    },
    "performance-now": {
      "version": "2.1.0",
      "resolved": "https://s5stratos.jfrog.io/s5stratos/api/npm/npm/performance-now/-/performance-now-2.1.0.tgz",
      "integrity": "sha1-Ywn04OX6kT7BxpMHrjZLSzd8nns="
    },
    "process-nextick-args": {
      "version": "2.0.1",
      "resolved": "https://s5stratos.jfrog.io/s5stratos/api/npm/npm/process-nextick-args/-/process-nextick-args-2.0.1.tgz",
      "integrity": "sha1-eCDZsWEgzFXKmud5JoCufbptf+I="
    },
    "promise-inflight": {
      "version": "1.0.1",
      "resolved": "https://s5stratos.jfrog.io/s5stratos/api/npm/npm/promise-inflight/-/promise-inflight-1.0.1.tgz",
      "integrity": "sha1-mEcocL8igTL8vdhoEputEsPAKeM="
    },
    "psl": {
      "version": "1.8.0",
      "resolved": "https://s5stratos.jfrog.io/s5stratos/api/npm/npm/psl/-/psl-1.8.0.tgz",
      "integrity": "sha1-kyb4vPsBOtzABf3/BWrM4CDlHCQ="
    },
    "pump": {
      "version": "3.0.0",
      "resolved": "https://s5stratos.jfrog.io/s5stratos/api/npm/npm/pump/-/pump-3.0.0.tgz",
      "integrity": "sha1-tKIRaBW94vTh6mAjVOjHVWUQemQ=",
      "requires": {
        "end-of-stream": "^1.1.0",
        "once": "^1.3.1"
      }
    },
    "pumpify": {
      "version": "1.5.1",
      "resolved": "https://s5stratos.jfrog.io/s5stratos/api/npm/npm/pumpify/-/pumpify-1.5.1.tgz",
      "integrity": "sha1-NlE74karJ1cLGjdKXOJ4v9dDcM4=",
      "requires": {
        "duplexify": "^3.6.0",
        "inherits": "^2.0.3",
        "pump": "^2.0.0"
      },
      "dependencies": {
        "pump": {
          "version": "2.0.1",
          "resolved": "https://s5stratos.jfrog.io/s5stratos/api/npm/npm/pump/-/pump-2.0.1.tgz",
          "integrity": "sha1-Ejma3W5M91Jtlzy8i1zi4pCLOQk=",
          "requires": {
            "end-of-stream": "^1.1.0",
            "once": "^1.3.1"
          }
        }
      }
    },
    "punycode": {
      "version": "2.1.1",
      "resolved": "https://s5stratos.jfrog.io/s5stratos/api/npm/npm/punycode/-/punycode-2.1.1.tgz",
      "integrity": "sha1-tYsBCsQMIsVldhbI0sLALHv0eew="
    },
    "purescript": {
      "version": "0.13.8",
      "resolved": "https://s5stratos.jfrog.io/s5stratos/api/npm/npm/purescript/-/purescript-0.13.8.tgz",
      "integrity": "sha1-rKtvMAjXW4BGR4yMHWEkB53Jb34=",
      "requires": {
        "purescript-installer": "^0.2.0"
      }
    },
    "purescript-installer": {
      "version": "0.2.5",
      "resolved": "https://s5stratos.jfrog.io/s5stratos/api/npm/npm/purescript-installer/-/purescript-installer-0.2.5.tgz",
      "integrity": "sha1-pSpzlMc0ArJ5L6TXqHBKaUyf1a0=",
      "requires": {
        "arch": "^2.1.1",
        "byline": "^5.0.0",
        "cacache": "^11.3.2",
        "chalk": "^2.4.2",
        "env-paths": "^2.2.0",
        "execa": "^2.0.3",
        "filesize": "^4.1.2",
        "is-plain-obj": "^2.0.0",
        "log-symbols": "^3.0.0",
        "log-update": "^3.2.0",
        "minimist": "^1.2.0",
        "mkdirp": "^0.5.1",
        "ms": "^2.1.2",
        "once": "^1.4.0",
        "pump": "^3.0.0",
        "request": "^2.88.0",
        "rimraf": "^2.6.3",
        "tar": "^4.4.6",
        "which": "^1.3.1",
        "zen-observable": "^0.8.14"
      }
    },
    "qs": {
      "version": "6.5.2",
      "resolved": "https://s5stratos.jfrog.io/s5stratos/api/npm/npm/qs/-/qs-6.5.2.tgz",
      "integrity": "sha1-yzroBuh0BERYTvFUzo7pjUA/PjY="
    },
    "readable-stream": {
      "version": "2.3.7",
      "resolved": "https://s5stratos.jfrog.io/s5stratos/api/npm/npm/readable-stream/-/readable-stream-2.3.7.tgz",
      "integrity": "sha1-Hsoc9xGu+BTAT2IlKjamL2yyO1c=",
      "requires": {
        "core-util-is": "~1.0.0",
        "inherits": "~2.0.3",
        "isarray": "~1.0.0",
        "process-nextick-args": "~2.0.0",
        "safe-buffer": "~5.1.1",
        "string_decoder": "~1.1.1",
        "util-deprecate": "~1.0.1"
      }
    },
    "request": {
      "version": "2.88.2",
      "resolved": "https://s5stratos.jfrog.io/s5stratos/api/npm/npm/request/-/request-2.88.2.tgz",
      "integrity": "sha1-1zyRhzHLWofaBH4gcjQUb2ZNErM=",
      "requires": {
        "aws-sign2": "~0.7.0",
        "aws4": "^1.8.0",
        "caseless": "~0.12.0",
        "combined-stream": "~1.0.6",
        "extend": "~3.0.2",
        "forever-agent": "~0.6.1",
        "form-data": "~2.3.2",
        "har-validator": "~5.1.3",
        "http-signature": "~1.2.0",
        "is-typedarray": "~1.0.0",
        "isstream": "~0.1.2",
        "json-stringify-safe": "~5.0.1",
        "mime-types": "~2.1.19",
        "oauth-sign": "~0.9.0",
        "performance-now": "^2.1.0",
        "qs": "~6.5.2",
        "safe-buffer": "^5.1.2",
        "tough-cookie": "~2.5.0",
        "tunnel-agent": "^0.6.0",
        "uuid": "^3.3.2"
      }
    },
    "restore-cursor": {
      "version": "2.0.0",
      "resolved": "https://s5stratos.jfrog.io/s5stratos/api/npm/npm/restore-cursor/-/restore-cursor-2.0.0.tgz",
      "integrity": "sha1-n37ih/gv0ybU/RYpI9YhKe7g368=",
      "requires": {
        "onetime": "^2.0.0",
        "signal-exit": "^3.0.2"
      },
      "dependencies": {
        "mimic-fn": {
          "version": "1.2.0",
          "resolved": "https://s5stratos.jfrog.io/s5stratos/api/npm/npm/mimic-fn/-/mimic-fn-1.2.0.tgz",
          "integrity": "sha1-ggyGo5M0ZA6ZUWkovQP8qIBX0CI="
        },
        "onetime": {
          "version": "2.0.1",
          "resolved": "https://s5stratos.jfrog.io/s5stratos/api/npm/npm/onetime/-/onetime-2.0.1.tgz",
          "integrity": "sha1-BnQoIw/WdEOyeUsiu6UotoZ5YtQ=",
          "requires": {
            "mimic-fn": "^1.0.0"
          }
        }
      }
    },
    "rimraf": {
      "version": "2.7.1",
      "resolved": "https://s5stratos.jfrog.io/s5stratos/api/npm/npm/rimraf/-/rimraf-2.7.1.tgz",
      "integrity": "sha1-NXl/E6f9rcVmFCwp1PB8ytSD4+w=",
      "requires": {
        "glob": "^7.1.3"
      }
    },
    "run-queue": {
      "version": "1.0.3",
      "resolved": "https://s5stratos.jfrog.io/s5stratos/api/npm/npm/run-queue/-/run-queue-1.0.3.tgz",
      "integrity": "sha1-6Eg5bwV9Ij8kOGkkYY4laUFh7Ec=",
      "requires": {
        "aproba": "^1.1.1"
      }
    },
    "safe-buffer": {
      "version": "5.1.2",
      "resolved": "https://s5stratos.jfrog.io/s5stratos/api/npm/npm/safe-buffer/-/safe-buffer-5.1.2.tgz",
      "integrity": "sha1-mR7GnSluAxN0fVm9/St0XDX4go0="
    },
    "safer-buffer": {
      "version": "2.1.2",
      "resolved": "https://s5stratos.jfrog.io/s5stratos/api/npm/npm/safer-buffer/-/safer-buffer-2.1.2.tgz",
      "integrity": "sha1-RPoWGwGHuVSd2Eu5GAL5vYOFzWo="
    },
    "shebang-command": {
      "version": "2.0.0",
      "resolved": "https://s5stratos.jfrog.io/s5stratos/api/npm/npm/shebang-command/-/shebang-command-2.0.0.tgz",
      "integrity": "sha1-zNCvT4g1+9wmW4JGGq8MNmY/NOo=",
      "requires": {
        "shebang-regex": "^3.0.0"
      }
    },
    "shebang-regex": {
      "version": "3.0.0",
      "resolved": "https://s5stratos.jfrog.io/s5stratos/api/npm/npm/shebang-regex/-/shebang-regex-3.0.0.tgz",
      "integrity": "sha1-rhbxZE2HPsrYQ7AwexQzYtTEIXI="
    },
    "signal-exit": {
      "version": "3.0.3",
      "resolved": "https://s5stratos.jfrog.io/s5stratos/api/npm/npm/signal-exit/-/signal-exit-3.0.3.tgz",
      "integrity": "sha1-oUEMLt2PB3sItOJTyOrPyvBXRhw="
    },
    "spago": {
      "version": "0.15.2",
      "resolved": "https://s5stratos.jfrog.io/s5stratos/api/npm/npm/spago/-/spago-0.15.2.tgz",
      "integrity": "sha1-TvWa4h8mn9qx2QPWyDwMuh5BXAY=",
      "requires": {
        "request": "^2.88.0",
        "tar": "^4.4.8"
      }
    },
    "sshpk": {
      "version": "1.16.1",
      "resolved": "https://s5stratos.jfrog.io/s5stratos/api/npm/npm/sshpk/-/sshpk-1.16.1.tgz",
      "integrity": "sha1-+2YcC+8ps520B2nuOfpwCT1vaHc=",
      "requires": {
        "asn1": "~0.2.3",
        "assert-plus": "^1.0.0",
        "bcrypt-pbkdf": "^1.0.0",
        "dashdash": "^1.12.0",
        "ecc-jsbn": "~0.1.1",
        "getpass": "^0.1.1",
        "jsbn": "~0.1.0",
        "safer-buffer": "^2.0.2",
        "tweetnacl": "~0.14.0"
      }
    },
    "ssri": {
      "version": "6.0.1",
      "resolved": "https://s5stratos.jfrog.io/s5stratos/api/npm/npm/ssri/-/ssri-6.0.1.tgz",
      "integrity": "sha1-KjxBso3UW2K2Nnbst0ABJlrp7dg=",
      "requires": {
        "figgy-pudding": "^3.5.1"
      }
    },
    "stream-each": {
      "version": "1.2.3",
      "resolved": "https://s5stratos.jfrog.io/s5stratos/api/npm/npm/stream-each/-/stream-each-1.2.3.tgz",
      "integrity": "sha1-6+J6DDibBPvMIzZClS4Qcxr6m64=",
      "requires": {
        "end-of-stream": "^1.1.0",
        "stream-shift": "^1.0.0"
      }
    },
    "stream-shift": {
      "version": "1.0.1",
      "resolved": "https://s5stratos.jfrog.io/s5stratos/api/npm/npm/stream-shift/-/stream-shift-1.0.1.tgz",
      "integrity": "sha1-1wiCgVWasneEJCebCHfaPDktWj0="
    },
    "string-width": {
      "version": "3.1.0",
      "resolved": "https://s5stratos.jfrog.io/s5stratos/api/npm/npm/string-width/-/string-width-3.1.0.tgz",
      "integrity": "sha1-InZ74htirxCBV0MG9prFG2IgOWE=",
      "requires": {
        "emoji-regex": "^7.0.1",
        "is-fullwidth-code-point": "^2.0.0",
        "strip-ansi": "^5.1.0"
      }
    },
    "string_decoder": {
      "version": "1.1.1",
      "resolved": "https://s5stratos.jfrog.io/s5stratos/api/npm/npm/string_decoder/-/string_decoder-1.1.1.tgz",
      "integrity": "sha1-nPFhG6YmhdcDCunkujQUnDrwP8g=",
      "requires": {
        "safe-buffer": "~5.1.0"
      }
    },
    "strip-ansi": {
      "version": "5.2.0",
      "resolved": "https://s5stratos.jfrog.io/s5stratos/api/npm/npm/strip-ansi/-/strip-ansi-5.2.0.tgz",
      "integrity": "sha1-jJpTb+tq/JYr36WxBKUJHBrZwK4=",
      "requires": {
        "ansi-regex": "^4.1.0"
      }
    },
    "strip-final-newline": {
      "version": "2.0.0",
      "resolved": "https://s5stratos.jfrog.io/s5stratos/api/npm/npm/strip-final-newline/-/strip-final-newline-2.0.0.tgz",
      "integrity": "sha1-ibhS+y/L6Tb29LMYevsKEsGrWK0="
    },
    "supports-color": {
      "version": "5.5.0",
      "resolved": "https://s5stratos.jfrog.io/s5stratos/api/npm/npm/supports-color/-/supports-color-5.5.0.tgz",
      "integrity": "sha1-4uaaRKyHcveKHsCzW2id9lMO/I8=",
      "requires": {
        "has-flag": "^3.0.0"
      }
    },
    "tar": {
      "version": "4.4.13",
      "resolved": "https://s5stratos.jfrog.io/s5stratos/api/npm/npm/tar/-/tar-4.4.13.tgz",
      "integrity": "sha1-Q7NkvFKIjVVSmGN7ENYHkCVKtSU=",
      "requires": {
        "chownr": "^1.1.1",
        "fs-minipass": "^1.2.5",
        "minipass": "^2.8.6",
        "minizlib": "^1.2.1",
        "mkdirp": "^0.5.0",
        "safe-buffer": "^5.1.2",
        "yallist": "^3.0.3"
      }
    },
    "through2": {
      "version": "2.0.5",
      "resolved": "https://s5stratos.jfrog.io/s5stratos/api/npm/npm/through2/-/through2-2.0.5.tgz",
      "integrity": "sha1-AcHjnrMdB8t9A6lqcIIyYLIxMs0=",
      "requires": {
        "readable-stream": "~2.3.6",
        "xtend": "~4.0.1"
      }
    },
    "tough-cookie": {
      "version": "2.5.0",
      "resolved": "https://s5stratos.jfrog.io/s5stratos/api/npm/npm/tough-cookie/-/tough-cookie-2.5.0.tgz",
      "integrity": "sha1-zZ+yoKodWhK0c72fuW+j3P9lreI=",
      "requires": {
        "psl": "^1.1.28",
        "punycode": "^2.1.1"
      }
    },
    "tunnel-agent": {
      "version": "0.6.0",
      "resolved": "https://s5stratos.jfrog.io/s5stratos/api/npm/npm/tunnel-agent/-/tunnel-agent-0.6.0.tgz",
      "integrity": "sha1-J6XeoGs2sEoKmWZ3SykIaPD8QP0=",
      "requires": {
        "safe-buffer": "^5.0.1"
      }
    },
    "tweetnacl": {
      "version": "0.14.5",
      "resolved": "https://s5stratos.jfrog.io/s5stratos/api/npm/npm/tweetnacl/-/tweetnacl-0.14.5.tgz",
      "integrity": "sha1-WuaBd/GS1EViadEIr6k/+HQ/T2Q="
    },
    "typedarray": {
      "version": "0.0.6",
      "resolved": "https://s5stratos.jfrog.io/s5stratos/api/npm/npm/typedarray/-/typedarray-0.0.6.tgz",
      "integrity": "sha1-hnrHTjhkGHsdPUfZlqeOxciDB3c="
    },
    "unique-filename": {
      "version": "1.1.1",
      "resolved": "https://s5stratos.jfrog.io/s5stratos/api/npm/npm/unique-filename/-/unique-filename-1.1.1.tgz",
      "integrity": "sha1-HWl2k2mtoFgxA6HmrodoG1ZXMjA=",
      "requires": {
        "unique-slug": "^2.0.0"
      }
    },
    "unique-slug": {
      "version": "2.0.2",
      "resolved": "https://s5stratos.jfrog.io/s5stratos/api/npm/npm/unique-slug/-/unique-slug-2.0.2.tgz",
      "integrity": "sha1-uqvOkQg/xk6UWw861hPiZPfNTmw=",
      "requires": {
        "imurmurhash": "^0.1.4"
      }
    },
    "uri-js": {
      "version": "4.2.2",
      "resolved": "https://s5stratos.jfrog.io/s5stratos/api/npm/npm/uri-js/-/uri-js-4.2.2.tgz",
      "integrity": "sha1-lMVA4f93KVbiKZUHwBCupsiDjrA=",
      "requires": {
        "punycode": "^2.1.0"
      }
    },
    "util-deprecate": {
      "version": "1.0.2",
      "resolved": "https://s5stratos.jfrog.io/s5stratos/api/npm/npm/util-deprecate/-/util-deprecate-1.0.2.tgz",
      "integrity": "sha1-RQ1Nyfpw3nMnYvvS1KKJgUGaDM8="
    },
    "uuid": {
      "version": "3.4.0",
      "resolved": "https://s5stratos.jfrog.io/s5stratos/api/npm/npm/uuid/-/uuid-3.4.0.tgz",
      "integrity": "sha1-sj5DWK+oogL+ehAK8fX4g/AgB+4="
    },
    "verror": {
      "version": "1.10.0",
      "resolved": "https://s5stratos.jfrog.io/s5stratos/api/npm/npm/verror/-/verror-1.10.0.tgz",
      "integrity": "sha1-OhBcoXBTr1XW4nDB+CiGguGNpAA=",
      "requires": {
        "assert-plus": "^1.0.0",
        "core-util-is": "1.0.2",
        "extsprintf": "^1.2.0"
      }
    },
    "which": {
      "version": "1.3.1",
      "resolved": "https://s5stratos.jfrog.io/s5stratos/api/npm/npm/which/-/which-1.3.1.tgz",
      "integrity": "sha1-pFBD1U9YBTFtqNYvn1CRjT2nCwo=",
      "requires": {
        "isexe": "^2.0.0"
      }
    },
    "wrap-ansi": {
      "version": "5.1.0",
      "resolved": "https://s5stratos.jfrog.io/s5stratos/api/npm/npm/wrap-ansi/-/wrap-ansi-5.1.0.tgz",
      "integrity": "sha1-H9H2cjXVttD+54EFYAG/tpTAOwk=",
      "requires": {
        "ansi-styles": "^3.2.0",
        "string-width": "^3.0.0",
        "strip-ansi": "^5.0.0"
      }
    },
    "wrappy": {
      "version": "1.0.2",
      "resolved": "https://s5stratos.jfrog.io/s5stratos/api/npm/npm/wrappy/-/wrappy-1.0.2.tgz",
      "integrity": "sha1-tSQ9jz7BqjXxNkYFvA0QNuMKtp8="
    },
    "xtend": {
      "version": "4.0.2",
      "resolved": "https://s5stratos.jfrog.io/s5stratos/api/npm/npm/xtend/-/xtend-4.0.2.tgz",
      "integrity": "sha1-u3J3n1+kZRhrH0OPZ0+jR/2121Q="
    },
    "y18n": {
      "version": "4.0.0",
      "resolved": "https://s5stratos.jfrog.io/s5stratos/api/npm/npm/y18n/-/y18n-4.0.0.tgz",
      "integrity": "sha1-le+U+F7MgdAHwmThkKEg8KPIVms="
    },
    "yallist": {
      "version": "3.1.1",
      "resolved": "https://s5stratos.jfrog.io/s5stratos/api/npm/npm/yallist/-/yallist-3.1.1.tgz",
      "integrity": "sha1-27fa+b/YusmrRev2ArjLrQ1dCP0="
    },
    "zen-observable": {
      "version": "0.8.15",
      "resolved": "https://s5stratos.jfrog.io/s5stratos/api/npm/npm/zen-observable/-/zen-observable-0.8.15.tgz",
      "integrity": "sha1-lkFcUS2OP/2SCv04iWBOMLnqrBU="
    }
  }
}
